// !$*UTF8*$!
{
	archiveVersion = 1;
	classes = {
	};
	objectVersion = 56;
	objects = {

/* Begin PBXBuildFile section */
		2416D5702C35FE6C0046817C /* ToDoItem_ParseCSV.swift in Sources */ = {isa = PBXBuildFile; fileRef = 2416D56F2C35FE6C0046817C /* ToDoItem_ParseCSV.swift */; };
		2416D5722C35FE7A0046817C /* ToDoItem_ParseJSON.swift in Sources */ = {isa = PBXBuildFile; fileRef = 2416D5712C35FE7A0046817C /* ToDoItem_ParseJSON.swift */; };
		2422FCD02C361445003EA1BC /* CalendarViewController.swift in Sources */ = {isa = PBXBuildFile; fileRef = 2422FCCF2C361445003EA1BC /* CalendarViewController.swift */; };
		2422FCD22C36194F003EA1BC /* CalendarHostingController.swift in Sources */ = {isa = PBXBuildFile; fileRef = 2422FCD12C36194F003EA1BC /* CalendarHostingController.swift */; };
		2422FCD42C3619E0003EA1BC /* DateCell.swift in Sources */ = {isa = PBXBuildFile; fileRef = 2422FCD32C3619E0003EA1BC /* DateCell.swift */; };
		2422FCD62C389ED3003EA1BC /* CalendarViewSwipe.swift in Sources */ = {isa = PBXBuildFile; fileRef = 2422FCD52C389ED3003EA1BC /* CalendarViewSwipe.swift */; };
		2422FCD82C389F2D003EA1BC /* CalendarViewTop.swift in Sources */ = {isa = PBXBuildFile; fileRef = 2422FCD72C389F2D003EA1BC /* CalendarViewTop.swift */; };
		6EB8962D2C2AEF3E00ACE282 /* MainView.swift in Sources */ = {isa = PBXBuildFile; fileRef = 6EB8962C2C2AEF3E00ACE282 /* MainView.swift */; };
		6EB8962F2C2B07E900ACE282 /* RowsView.swift in Sources */ = {isa = PBXBuildFile; fileRef = 6EB8962E2C2B07E900ACE282 /* RowsView.swift */; };
		6EB896322C2C36C000ACE282 /* DateFormater.swift in Sources */ = {isa = PBXBuildFile; fileRef = 6EB896312C2C36C000ACE282 /* DateFormater.swift */; };
		6EB896532C2EF03500ACE282 /* DataControlModel.swift in Sources */ = {isa = PBXBuildFile; fileRef = 6EB896522C2EF03500ACE282 /* DataControlModel.swift */; };
		6EB896552C2F669400ACE282 /* ModalView.swift in Sources */ = {isa = PBXBuildFile; fileRef = 6EB896542C2F669400ACE282 /* ModalView.swift */; };
		6EB896572C2F8C2200ACE282 /* ImpotancePicker.swift in Sources */ = {isa = PBXBuildFile; fileRef = 6EB896562C2F8C2200ACE282 /* ImpotancePicker.swift */; };
		6ED3A5F52C20372D000C3632 /* ToDoApp.swift in Sources */ = {isa = PBXBuildFile; fileRef = 6ED3A5F42C20372D000C3632 /* ToDoApp.swift */; };
		6ED3A5F72C20372D000C3632 /* ContentView.swift in Sources */ = {isa = PBXBuildFile; fileRef = 6ED3A5F62C20372D000C3632 /* ContentView.swift */; };
		6ED3A5F92C20372F000C3632 /* Assets.xcassets in Resources */ = {isa = PBXBuildFile; fileRef = 6ED3A5F82C20372F000C3632 /* Assets.xcassets */; };
		6ED3A5FC2C20372F000C3632 /* Preview Assets.xcassets in Resources */ = {isa = PBXBuildFile; fileRef = 6ED3A5FB2C20372F000C3632 /* Preview Assets.xcassets */; };
		6ED3A6032C2040A6000C3632 /* TodoItem.swift in Sources */ = {isa = PBXBuildFile; fileRef = 6ED3A6022C2040A6000C3632 /* TodoItem.swift */; };
		6EE7E0CE2C220A47005B1C2B /* FileCache.swift in Sources */ = {isa = PBXBuildFile; fileRef = 6EE7E0CD2C220A47005B1C2B /* FileCache.swift */; };
/* End PBXBuildFile section */

/* Begin PBXContainerItemProxy section */
		6EE7E0D72C24CE45005B1C2B /* PBXContainerItemProxy */ = {
			isa = PBXContainerItemProxy;
			containerPortal = 6ED3A5E92C20372D000C3632 /* Project object */;
			proxyType = 1;
			remoteGlobalIDString = 6ED3A5F02C20372D000C3632;
			remoteInfo = ToDo;
		};
/* End PBXContainerItemProxy section */

/* Begin PBXFileReference section */
		2416D56F2C35FE6C0046817C /* ToDoItem_ParseCSV.swift */ = {isa = PBXFileReference; lastKnownFileType = sourcecode.swift; path = ToDoItem_ParseCSV.swift; sourceTree = "<group>"; };
		2416D5712C35FE7A0046817C /* ToDoItem_ParseJSON.swift */ = {isa = PBXFileReference; lastKnownFileType = sourcecode.swift; path = ToDoItem_ParseJSON.swift; sourceTree = "<group>"; };
		2422FCCF2C361445003EA1BC /* CalendarViewController.swift */ = {isa = PBXFileReference; lastKnownFileType = sourcecode.swift; path = CalendarViewController.swift; sourceTree = "<group>"; };
		2422FCD12C36194F003EA1BC /* CalendarHostingController.swift */ = {isa = PBXFileReference; lastKnownFileType = sourcecode.swift; path = CalendarHostingController.swift; sourceTree = "<group>"; };
		2422FCD32C3619E0003EA1BC /* DateCell.swift */ = {isa = PBXFileReference; lastKnownFileType = sourcecode.swift; path = DateCell.swift; sourceTree = "<group>"; };
		2422FCD52C389ED3003EA1BC /* CalendarViewSwipe.swift */ = {isa = PBXFileReference; lastKnownFileType = sourcecode.swift; path = CalendarViewSwipe.swift; sourceTree = "<group>"; };
		2422FCD72C389F2D003EA1BC /* CalendarViewTop.swift */ = {isa = PBXFileReference; lastKnownFileType = sourcecode.swift; path = CalendarViewTop.swift; sourceTree = "<group>"; };
		6EB8962C2C2AEF3E00ACE282 /* MainView.swift */ = {isa = PBXFileReference; lastKnownFileType = sourcecode.swift; path = MainView.swift; sourceTree = "<group>"; };
		6EB8962E2C2B07E900ACE282 /* RowsView.swift */ = {isa = PBXFileReference; lastKnownFileType = sourcecode.swift; path = RowsView.swift; sourceTree = "<group>"; };
		6EB896312C2C36C000ACE282 /* DateFormater.swift */ = {isa = PBXFileReference; lastKnownFileType = sourcecode.swift; path = DateFormater.swift; sourceTree = "<group>"; };
		6EB896522C2EF03500ACE282 /* DataControlModel.swift */ = {isa = PBXFileReference; lastKnownFileType = sourcecode.swift; path = DataControlModel.swift; sourceTree = "<group>"; };
		6EB896542C2F669400ACE282 /* ModalView.swift */ = {isa = PBXFileReference; lastKnownFileType = sourcecode.swift; path = ModalView.swift; sourceTree = "<group>"; };
		6EB896562C2F8C2200ACE282 /* ImpotancePicker.swift */ = {isa = PBXFileReference; lastKnownFileType = sourcecode.swift; path = ImpotancePicker.swift; sourceTree = "<group>"; };
		6ED3A5F12C20372D000C3632 /* ToDo.app */ = {isa = PBXFileReference; explicitFileType = wrapper.application; includeInIndex = 0; path = ToDo.app; sourceTree = BUILT_PRODUCTS_DIR; };
		6ED3A5F42C20372D000C3632 /* ToDoApp.swift */ = {isa = PBXFileReference; lastKnownFileType = sourcecode.swift; path = ToDoApp.swift; sourceTree = "<group>"; };
		6ED3A5F62C20372D000C3632 /* ContentView.swift */ = {isa = PBXFileReference; lastKnownFileType = sourcecode.swift; path = ContentView.swift; sourceTree = "<group>"; };
		6ED3A5F82C20372F000C3632 /* Assets.xcassets */ = {isa = PBXFileReference; lastKnownFileType = folder.assetcatalog; path = Assets.xcassets; sourceTree = "<group>"; };
		6ED3A5FB2C20372F000C3632 /* Preview Assets.xcassets */ = {isa = PBXFileReference; lastKnownFileType = folder.assetcatalog; path = "Preview Assets.xcassets"; sourceTree = "<group>"; };
		6ED3A6022C2040A6000C3632 /* TodoItem.swift */ = {isa = PBXFileReference; lastKnownFileType = sourcecode.swift; path = TodoItem.swift; sourceTree = "<group>"; };
		6EE7E0CD2C220A47005B1C2B /* FileCache.swift */ = {isa = PBXFileReference; lastKnownFileType = sourcecode.swift; path = FileCache.swift; sourceTree = "<group>"; };
		6EE7E0D32C24CE44005B1C2B /* ToDoTests.xctest */ = {isa = PBXFileReference; explicitFileType = wrapper.cfbundle; includeInIndex = 0; path = ToDoTests.xctest; sourceTree = BUILT_PRODUCTS_DIR; };
/* End PBXFileReference section */

/* Begin PBXFrameworksBuildPhase section */
		6ED3A5EE2C20372D000C3632 /* Frameworks */ = {
			isa = PBXFrameworksBuildPhase;
			buildActionMask = 2147483647;
			files = (
			);
			runOnlyForDeploymentPostprocessing = 0;
		};
		6EE7E0D02C24CE44005B1C2B /* Frameworks */ = {
			isa = PBXFrameworksBuildPhase;
			buildActionMask = 2147483647;
			files = (
			);
			runOnlyForDeploymentPostprocessing = 0;
		};
/* End PBXFrameworksBuildPhase section */

/* Begin PBXGroup section */
		6EB8962B2C2AEF1200ACE282 /* Views */ = {
			isa = PBXGroup;
			children = (
				6EB8962C2C2AEF3E00ACE282 /* MainView.swift */,
				6EB8962E2C2B07E900ACE282 /* RowsView.swift */,
				6EB896542C2F669400ACE282 /* ModalView.swift */,
				6EB896562C2F8C2200ACE282 /* ImpotancePicker.swift */,
				2422FCCF2C361445003EA1BC /* CalendarViewController.swift */,
				2422FCD32C3619E0003EA1BC /* DateCell.swift */,
				2422FCD12C36194F003EA1BC /* CalendarHostingController.swift */,
			);
			path = Views;
			sourceTree = "<group>";
		};
		6EB896302C2C369A00ACE282 /* Extensions */ = {
			isa = PBXGroup;
			children = (
				2416D5712C35FE7A0046817C /* ToDoItem_ParseJSON.swift */,
				2416D56F2C35FE6C0046817C /* ToDoItem_ParseCSV.swift */,
				6EB896312C2C36C000ACE282 /* DateFormater.swift */,
				2422FCD72C389F2D003EA1BC /* CalendarViewTop.swift */,
				2422FCD52C389ED3003EA1BC /* CalendarViewSwipe.swift */,
			);
			path = Extensions;
			sourceTree = "<group>";
		};
		6EB896332C2CB2B000ACE282 /* Models */ = {
			isa = PBXGroup;
			children = (
				6ED3A6022C2040A6000C3632 /* TodoItem.swift */,
				6EB896522C2EF03500ACE282 /* DataControlModel.swift */,
			);
			path = Models;
			sourceTree = "<group>";
		};
		6ED3A5E82C20372D000C3632 = {
			isa = PBXGroup;
			children = (
				6ED3A5F32C20372D000C3632 /* ToDo */,
				6ED3A5F22C20372D000C3632 /* Products */,
			);
			sourceTree = "<group>";
		};
		6ED3A5F22C20372D000C3632 /* Products */ = {
			isa = PBXGroup;
			children = (
				6ED3A5F12C20372D000C3632 /* ToDo.app */,
				6EE7E0D32C24CE44005B1C2B /* ToDoTests.xctest */,
			);
			name = Products;
			sourceTree = "<group>";
		};
		6ED3A5F32C20372D000C3632 /* ToDo */ = {
			isa = PBXGroup;
			children = (
				6ED3A5F42C20372D000C3632 /* ToDoApp.swift */,
				6ED3A5F62C20372D000C3632 /* ContentView.swift */,
				6ED3A5F82C20372F000C3632 /* Assets.xcassets */,
				6ED3A5FB2C20372F000C3632 /* Preview Assets.xcassets */,
				6EB896332C2CB2B000ACE282 /* Models */,
				6EB8962B2C2AEF1200ACE282 /* Views */,
				6ED3A5FA2C20372F000C3632 /* Cache */,
				6EB896302C2C369A00ACE282 /* Extensions */,
			);
			path = ToDo;
			sourceTree = "<group>";
		};
		6ED3A5FA2C20372F000C3632 /* Cache */ = {
			isa = PBXGroup;
			children = (
				6EE7E0CD2C220A47005B1C2B /* FileCache.swift */,
			);
			path = Cache;
			sourceTree = "<group>";
		};
/* End PBXGroup section */

/* Begin PBXNativeTarget section */
		6ED3A5F02C20372D000C3632 /* ToDo */ = {
			isa = PBXNativeTarget;
			buildConfigurationList = 6ED3A5FF2C20372F000C3632 /* Build configuration list for PBXNativeTarget "ToDo" */;
			buildPhases = (
				6ED3A5ED2C20372D000C3632 /* Sources */,
				6ED3A5EE2C20372D000C3632 /* Frameworks */,
				6ED3A5EF2C20372D000C3632 /* Resources */,
			);
			buildRules = (
			);
			dependencies = (
			);
			name = ToDo;
			productName = ToDo;
			productReference = 6ED3A5F12C20372D000C3632 /* ToDo.app */;
			productType = "com.apple.product-type.application";
		};
		6EE7E0D22C24CE44005B1C2B /* ToDoTests */ = {
			isa = PBXNativeTarget;
			buildConfigurationList = 6EE7E0DB2C24CE45005B1C2B /* Build configuration list for PBXNativeTarget "ToDoTests" */;
			buildPhases = (
				6EE7E0CF2C24CE44005B1C2B /* Sources */,
				6EE7E0D02C24CE44005B1C2B /* Frameworks */,
				6EE7E0D12C24CE44005B1C2B /* Resources */,
			);
			buildRules = (
			);
			dependencies = (
				6EE7E0D82C24CE45005B1C2B /* PBXTargetDependency */,
			);
			name = ToDoTests;
			productName = ToDoTests;
			productReference = 6EE7E0D32C24CE44005B1C2B /* ToDoTests.xctest */;
			productType = "com.apple.product-type.bundle.unit-test";
		};
/* End PBXNativeTarget section */

/* Begin PBXProject section */
		6ED3A5E92C20372D000C3632 /* Project object */ = {
			isa = PBXProject;
			attributes = {
				BuildIndependentTargetsInParallel = 1;
				LastSwiftUpdateCheck = 1530;
				LastUpgradeCheck = 1530;
				TargetAttributes = {
					6ED3A5F02C20372D000C3632 = {
						CreatedOnToolsVersion = 15.3;
					};
					6EE7E0D22C24CE44005B1C2B = {
						CreatedOnToolsVersion = 15.3;
						TestTargetID = 6ED3A5F02C20372D000C3632;
					};
				};
			};
			buildConfigurationList = 6ED3A5EC2C20372D000C3632 /* Build configuration list for PBXProject "ToDo" */;
			compatibilityVersion = "Xcode 14.0";
			developmentRegion = en;
			hasScannedForEncodings = 0;
			knownRegions = (
				en,
				Base,
			);
			mainGroup = 6ED3A5E82C20372D000C3632;
			productRefGroup = 6ED3A5F22C20372D000C3632 /* Products */;
			projectDirPath = "";
			projectRoot = "";
			targets = (
				6ED3A5F02C20372D000C3632 /* ToDo */,
				6EE7E0D22C24CE44005B1C2B /* ToDoTests */,
			);
		};
/* End PBXProject section */

/* Begin PBXResourcesBuildPhase section */
		6ED3A5EF2C20372D000C3632 /* Resources */ = {
			isa = PBXResourcesBuildPhase;
			buildActionMask = 2147483647;
			files = (
				6ED3A5FC2C20372F000C3632 /* Preview Assets.xcassets in Resources */,
				6ED3A5F92C20372F000C3632 /* Assets.xcassets in Resources */,
			);
			runOnlyForDeploymentPostprocessing = 0;
		};
		6EE7E0D12C24CE44005B1C2B /* Resources */ = {
			isa = PBXResourcesBuildPhase;
			buildActionMask = 2147483647;
			files = (
			);
			runOnlyForDeploymentPostprocessing = 0;
		};
/* End PBXResourcesBuildPhase section */

/* Begin PBXSourcesBuildPhase section */
		6ED3A5ED2C20372D000C3632 /* Sources */ = {
			isa = PBXSourcesBuildPhase;
			buildActionMask = 2147483647;
			files = (
				2422FCD22C36194F003EA1BC /* CalendarHostingController.swift in Sources */,
				2422FCD42C3619E0003EA1BC /* DateCell.swift in Sources */,
				2422FCD82C389F2D003EA1BC /* CalendarViewTop.swift in Sources */,
				6EB896572C2F8C2200ACE282 /* ImpotancePicker.swift in Sources */,
				2416D5722C35FE7A0046817C /* ToDoItem_ParseJSON.swift in Sources */,
				6ED3A5F72C20372D000C3632 /* ContentView.swift in Sources */,
				6ED3A6032C2040A6000C3632 /* TodoItem.swift in Sources */,
				6EB8962F2C2B07E900ACE282 /* RowsView.swift in Sources */,
				6EB896552C2F669400ACE282 /* ModalView.swift in Sources */,
				6EB896322C2C36C000ACE282 /* DateFormater.swift in Sources */,
				6EE7E0CE2C220A47005B1C2B /* FileCache.swift in Sources */,
				2422FCD02C361445003EA1BC /* CalendarViewController.swift in Sources */,
				6EB8962D2C2AEF3E00ACE282 /* MainView.swift in Sources */,
				2416D5702C35FE6C0046817C /* ToDoItem_ParseCSV.swift in Sources */,
				6ED3A5F52C20372D000C3632 /* ToDoApp.swift in Sources */,
				6EB896532C2EF03500ACE282 /* DataControlModel.swift in Sources */,
				2422FCD62C389ED3003EA1BC /* CalendarViewSwipe.swift in Sources */,
			);
			runOnlyForDeploymentPostprocessing = 0;
		};
		6EE7E0CF2C24CE44005B1C2B /* Sources */ = {
			isa = PBXSourcesBuildPhase;
			buildActionMask = 2147483647;
			files = (
			);
			runOnlyForDeploymentPostprocessing = 0;
		};
/* End PBXSourcesBuildPhase section */

/* Begin PBXTargetDependency section */
		6EE7E0D82C24CE45005B1C2B /* PBXTargetDependency */ = {
			isa = PBXTargetDependency;
			target = 6ED3A5F02C20372D000C3632 /* ToDo */;
			targetProxy = 6EE7E0D72C24CE45005B1C2B /* PBXContainerItemProxy */;
		};
/* End PBXTargetDependency section */

/* Begin XCBuildConfiguration section */
		6ED3A5FD2C20372F000C3632 /* Debug */ = {
			isa = XCBuildConfiguration;
			buildSettings = {
				ALWAYS_SEARCH_USER_PATHS = NO;
				ASSETCATALOG_COMPILER_GENERATE_SWIFT_ASSET_SYMBOL_EXTENSIONS = YES;
				CLANG_ANALYZER_NONNULL = YES;
				CLANG_ANALYZER_NUMBER_OBJECT_CONVERSION = YES_AGGRESSIVE;
				CLANG_CXX_LANGUAGE_STANDARD = "gnu++20";
				CLANG_ENABLE_MODULES = YES;
				CLANG_ENABLE_OBJC_ARC = YES;
				CLANG_ENABLE_OBJC_WEAK = YES;
				CLANG_WARN_BLOCK_CAPTURE_AUTORELEASING = YES;
				CLANG_WARN_BOOL_CONVERSION = YES;
				CLANG_WARN_COMMA = YES;
				CLANG_WARN_CONSTANT_CONVERSION = YES;
				CLANG_WARN_DEPRECATED_OBJC_IMPLEMENTATIONS = YES;
				CLANG_WARN_DIRECT_OBJC_ISA_USAGE = YES_ERROR;
				CLANG_WARN_DOCUMENTATION_COMMENTS = YES;
				CLANG_WARN_EMPTY_BODY = YES;
				CLANG_WARN_ENUM_CONVERSION = YES;
				CLANG_WARN_INFINITE_RECURSION = YES;
				CLANG_WARN_INT_CONVERSION = YES;
				CLANG_WARN_NON_LITERAL_NULL_CONVERSION = YES;
				CLANG_WARN_OBJC_IMPLICIT_RETAIN_SELF = YES;
				CLANG_WARN_OBJC_LITERAL_CONVERSION = YES;
				CLANG_WARN_OBJC_ROOT_CLASS = YES_ERROR;
				CLANG_WARN_QUOTED_INCLUDE_IN_FRAMEWORK_HEADER = YES;
				CLANG_WARN_RANGE_LOOP_ANALYSIS = YES;
				CLANG_WARN_STRICT_PROTOTYPES = YES;
				CLANG_WARN_SUSPICIOUS_MOVE = YES;
				CLANG_WARN_UNGUARDED_AVAILABILITY = YES_AGGRESSIVE;
				CLANG_WARN_UNREACHABLE_CODE = YES;
				CLANG_WARN__DUPLICATE_METHOD_MATCH = YES;
				COPY_PHASE_STRIP = NO;
				DEBUG_INFORMATION_FORMAT = dwarf;
				ENABLE_STRICT_OBJC_MSGSEND = YES;
				ENABLE_TESTABILITY = YES;
				ENABLE_USER_SCRIPT_SANDBOXING = YES;
				GCC_C_LANGUAGE_STANDARD = gnu17;
				GCC_DYNAMIC_NO_PIC = NO;
				GCC_NO_COMMON_BLOCKS = YES;
				GCC_OPTIMIZATION_LEVEL = 0;
				GCC_PREPROCESSOR_DEFINITIONS = (
					"DEBUG=1",
					"$(inherited)",
				);
				GCC_WARN_64_TO_32_BIT_CONVERSION = YES;
				GCC_WARN_ABOUT_RETURN_TYPE = YES_ERROR;
				GCC_WARN_UNDECLARED_SELECTOR = YES;
				GCC_WARN_UNINITIALIZED_AUTOS = YES_AGGRESSIVE;
				GCC_WARN_UNUSED_FUNCTION = YES;
				GCC_WARN_UNUSED_VARIABLE = YES;
				IPHONEOS_DEPLOYMENT_TARGET = 17.4;
				LOCALIZATION_PREFERS_STRING_CATALOGS = YES;
				MTL_ENABLE_DEBUG_INFO = INCLUDE_SOURCE;
				MTL_FAST_MATH = YES;
				ONLY_ACTIVE_ARCH = YES;
				SDKROOT = iphoneos;
				SWIFT_ACTIVE_COMPILATION_CONDITIONS = "DEBUG $(inherited)";
				SWIFT_OPTIMIZATION_LEVEL = "-Onone";
			};
			name = Debug;
		};
		6ED3A5FE2C20372F000C3632 /* Release */ = {
			isa = XCBuildConfiguration;
			buildSettings = {
				ALWAYS_SEARCH_USER_PATHS = NO;
				ASSETCATALOG_COMPILER_GENERATE_SWIFT_ASSET_SYMBOL_EXTENSIONS = YES;
				CLANG_ANALYZER_NONNULL = YES;
				CLANG_ANALYZER_NUMBER_OBJECT_CONVERSION = YES_AGGRESSIVE;
				CLANG_CXX_LANGUAGE_STANDARD = "gnu++20";
				CLANG_ENABLE_MODULES = YES;
				CLANG_ENABLE_OBJC_ARC = YES;
				CLANG_ENABLE_OBJC_WEAK = YES;
				CLANG_WARN_BLOCK_CAPTURE_AUTORELEASING = YES;
				CLANG_WARN_BOOL_CONVERSION = YES;
				CLANG_WARN_COMMA = YES;
				CLANG_WARN_CONSTANT_CONVERSION = YES;
				CLANG_WARN_DEPRECATED_OBJC_IMPLEMENTATIONS = YES;
				CLANG_WARN_DIRECT_OBJC_ISA_USAGE = YES_ERROR;
				CLANG_WARN_DOCUMENTATION_COMMENTS = YES;
				CLANG_WARN_EMPTY_BODY = YES;
				CLANG_WARN_ENUM_CONVERSION = YES;
				CLANG_WARN_INFINITE_RECURSION = YES;
				CLANG_WARN_INT_CONVERSION = YES;
				CLANG_WARN_NON_LITERAL_NULL_CONVERSION = YES;
				CLANG_WARN_OBJC_IMPLICIT_RETAIN_SELF = YES;
				CLANG_WARN_OBJC_LITERAL_CONVERSION = YES;
				CLANG_WARN_OBJC_ROOT_CLASS = YES_ERROR;
				CLANG_WARN_QUOTED_INCLUDE_IN_FRAMEWORK_HEADER = YES;
				CLANG_WARN_RANGE_LOOP_ANALYSIS = YES;
				CLANG_WARN_STRICT_PROTOTYPES = YES;
				CLANG_WARN_SUSPICIOUS_MOVE = YES;
				CLANG_WARN_UNGUARDED_AVAILABILITY = YES_AGGRESSIVE;
				CLANG_WARN_UNREACHABLE_CODE = YES;
				CLANG_WARN__DUPLICATE_METHOD_MATCH = YES;
				COPY_PHASE_STRIP = NO;
				DEBUG_INFORMATION_FORMAT = "dwarf-with-dsym";
				ENABLE_NS_ASSERTIONS = NO;
				ENABLE_STRICT_OBJC_MSGSEND = YES;
				ENABLE_USER_SCRIPT_SANDBOXING = YES;
				GCC_C_LANGUAGE_STANDARD = gnu17;
				GCC_NO_COMMON_BLOCKS = YES;
				GCC_WARN_64_TO_32_BIT_CONVERSION = YES;
				GCC_WARN_ABOUT_RETURN_TYPE = YES_ERROR;
				GCC_WARN_UNDECLARED_SELECTOR = YES;
				GCC_WARN_UNINITIALIZED_AUTOS = YES_AGGRESSIVE;
				GCC_WARN_UNUSED_FUNCTION = YES;
				GCC_WARN_UNUSED_VARIABLE = YES;
				IPHONEOS_DEPLOYMENT_TARGET = 17.4;
				LOCALIZATION_PREFERS_STRING_CATALOGS = YES;
				MTL_ENABLE_DEBUG_INFO = NO;
				MTL_FAST_MATH = YES;
				SDKROOT = iphoneos;
				SWIFT_COMPILATION_MODE = wholemodule;
				VALIDATE_PRODUCT = YES;
			};
			name = Release;
		};
		6ED3A6002C20372F000C3632 /* Debug */ = {
			isa = XCBuildConfiguration;
			buildSettings = {
				ASSETCATALOG_COMPILER_APPICON_NAME = AppIcon;
				ASSETCATALOG_COMPILER_GLOBAL_ACCENT_COLOR_NAME = AccentColor;
				CODE_SIGN_STYLE = Automatic;
				CURRENT_PROJECT_VERSION = 1;
				DEVELOPMENT_ASSET_PATHS = "\"ToDo/Cache\"";
				DEVELOPMENT_TEAM = UGU4YXN2T7;
				ENABLE_PREVIEWS = YES;
				GENERATE_INFOPLIST_FILE = YES;
				INFOPLIST_KEY_UIApplicationSceneManifest_Generation = YES;
				INFOPLIST_KEY_UIApplicationSupportsIndirectInputEvents = YES;
				INFOPLIST_KEY_UILaunchScreen_Generation = YES;
				INFOPLIST_KEY_UISupportedInterfaceOrientations_iPad = "UIInterfaceOrientationPortrait UIInterfaceOrientationPortraitUpsideDown UIInterfaceOrientationLandscapeLeft UIInterfaceOrientationLandscapeRight";
				INFOPLIST_KEY_UISupportedInterfaceOrientations_iPhone = "UIInterfaceOrientationPortrait UIInterfaceOrientationLandscapeLeft UIInterfaceOrientationLandscapeRight";
				LD_RUNPATH_SEARCH_PATHS = (
					"$(inherited)",
					"@executable_path/Frameworks",
				);
				MARKETING_VERSION = 1.0;
				PRODUCT_BUNDLE_IDENTIFIER = MDF.ToDo;
				PRODUCT_NAME = "$(TARGET_NAME)";
				SWIFT_EMIT_LOC_STRINGS = YES;
				SWIFT_VERSION = 5.0;
				TARGETED_DEVICE_FAMILY = "1,2";
			};
			name = Debug;
		};
		6ED3A6012C20372F000C3632 /* Release */ = {
			isa = XCBuildConfiguration;
			buildSettings = {
				ASSETCATALOG_COMPILER_APPICON_NAME = AppIcon;
				ASSETCATALOG_COMPILER_GLOBAL_ACCENT_COLOR_NAME = AccentColor;
				CODE_SIGN_STYLE = Automatic;
				CURRENT_PROJECT_VERSION = 1;
				DEVELOPMENT_ASSET_PATHS = "\"ToDo/Cache\"";
				DEVELOPMENT_TEAM = UGU4YXN2T7;
				ENABLE_PREVIEWS = YES;
				GENERATE_INFOPLIST_FILE = YES;
				INFOPLIST_KEY_UIApplicationSceneManifest_Generation = YES;
				INFOPLIST_KEY_UIApplicationSupportsIndirectInputEvents = YES;
				INFOPLIST_KEY_UILaunchScreen_Generation = YES;
				INFOPLIST_KEY_UISupportedInterfaceOrientations_iPad = "UIInterfaceOrientationPortrait UIInterfaceOrientationPortraitUpsideDown UIInterfaceOrientationLandscapeLeft UIInterfaceOrientationLandscapeRight";
				INFOPLIST_KEY_UISupportedInterfaceOrientations_iPhone = "UIInterfaceOrientationPortrait UIInterfaceOrientationLandscapeLeft UIInterfaceOrientationLandscapeRight";
				LD_RUNPATH_SEARCH_PATHS = (
					"$(inherited)",
					"@executable_path/Frameworks",
				);
				MARKETING_VERSION = 1.0;
				PRODUCT_BUNDLE_IDENTIFIER = MDF.ToDo;
				PRODUCT_NAME = "$(TARGET_NAME)";
				SWIFT_EMIT_LOC_STRINGS = YES;
				SWIFT_VERSION = 5.0;
				TARGETED_DEVICE_FAMILY = "1,2";
			};
			name = Release;
		};
		6EE7E0D92C24CE45005B1C2B /* Debug */ = {
			isa = XCBuildConfiguration;
			buildSettings = {
				BUNDLE_LOADER = "$(TEST_HOST)";
				CODE_SIGN_STYLE = Automatic;
				CURRENT_PROJECT_VERSION = 1;
				DEVELOPMENT_TEAM = UGU4YXN2T7;
				GENERATE_INFOPLIST_FILE = YES;
				MARKETING_VERSION = 1.0;
				PRODUCT_BUNDLE_IDENTIFIER = MDF.ToDoTests;
				PRODUCT_NAME = "$(TARGET_NAME)";
				SWIFT_EMIT_LOC_STRINGS = NO;
				SWIFT_VERSION = 5.0;
				TARGETED_DEVICE_FAMILY = "1,2";
				TEST_HOST = "$(BUILT_PRODUCTS_DIR)/ToDo.app/$(BUNDLE_EXECUTABLE_FOLDER_PATH)/ToDo";
			};
			name = Debug;
		};
		6EE7E0DA2C24CE45005B1C2B /* Release */ = {
			isa = XCBuildConfiguration;
			buildSettings = {
				BUNDLE_LOADER = "$(TEST_HOST)";
				CODE_SIGN_STYLE = Automatic;
				CURRENT_PROJECT_VERSION = 1;
				DEVELOPMENT_TEAM = UGU4YXN2T7;
				GENERATE_INFOPLIST_FILE = YES;
				MARKETING_VERSION = 1.0;
				PRODUCT_BUNDLE_IDENTIFIER = MDF.ToDoTests;
				PRODUCT_NAME = "$(TARGET_NAME)";
				SWIFT_EMIT_LOC_STRINGS = NO;
				SWIFT_VERSION = 5.0;
				TARGETED_DEVICE_FAMILY = "1,2";
				TEST_HOST = "$(BUILT_PRODUCTS_DIR)/ToDo.app/$(BUNDLE_EXECUTABLE_FOLDER_PATH)/ToDo";
			};
			name = Release;
		};
/* End XCBuildConfiguration section */

/* Begin XCConfigurationList section */
		6ED3A5EC2C20372D000C3632 /* Build configuration list for PBXProject "ToDo" */ = {
			isa = XCConfigurationList;
			buildConfigurations = (
				6ED3A5FD2C20372F000C3632 /* Debug */,
				6ED3A5FE2C20372F000C3632 /* Release */,
			);
			defaultConfigurationIsVisible = 0;
			defaultConfigurationName = Release;
		};
		6ED3A5FF2C20372F000C3632 /* Build configuration list for PBXNativeTarget "ToDo" */ = {
			isa = XCConfigurationList;
			buildConfigurations = (
				6ED3A6002C20372F000C3632 /* Debug */,
				6ED3A6012C20372F000C3632 /* Release */,
			);
			defaultConfigurationIsVisible = 0;
			defaultConfigurationName = Release;
		};
		6EE7E0DB2C24CE45005B1C2B /* Build configuration list for PBXNativeTarget "ToDoTests" */ = {
			isa = XCConfigurationList;
			buildConfigurations = (
				6EE7E0D92C24CE45005B1C2B /* Debug */,
				6EE7E0DA2C24CE45005B1C2B /* Release */,
			);
			defaultConfigurationIsVisible = 0;
			defaultConfigurationName = Release;
		};
/* End XCConfigurationList section */
	};
	rootObject = 6ED3A5E92C20372D000C3632 /* Project object */;
}
